
Microsoft Visual Studio Solution File, Format Version 12.00
# Visual Studio 2015
Project("{FAE04EC0-301F-11D3-BF4B-00C04F79EFBC}") = "Navigation Basics.CSharp.Plugins", "Navigation Basics.CSharp.Plugins.csproj", "{816EFD7A-401B-89C0-4646-81BA96FE5791}"
EndProject
Project("{FAE04EC0-301F-11D3-BF4B-00C04F79EFBC}") = "Navigation Basics.CSharp", "Navigation Basics.CSharp.csproj", "{EFECF51D-9563-3AC8-FA40-54281883CFA7}"
EndProject
Project("{FAE04EC0-301F-11D3-BF4B-00C04F79EFBC}") = "Navigation Basics.CSharp.Editor.Plugins", "Navigation Basics.CSharp.Editor.Plugins.csproj", "{132B8368-5BC9-0344-EE97-A87D2606B26B}"
EndProject
Global
	GlobalSection(SolutionConfigurationPlatforms) = preSolution
		Debug|Any CPU = Debug|Any CPU
		Release|Any CPU = Release|Any CPU
	EndGlobalSection
	GlobalSection(ProjectConfigurationPlatforms) = postSolution
		{816EFD7A-401B-89C0-4646-81BA96FE5791}.Debug|Any CPU.ActiveCfg = Debug|Any CPU
		{816EFD7A-401B-89C0-4646-81BA96FE5791}.Debug|Any CPU.Build.0 = Debug|Any CPU
		{816EFD7A-401B-89C0-4646-81BA96FE5791}.Release|Any CPU.ActiveCfg = Release|Any CPU
		{816EFD7A-401B-89C0-4646-81BA96FE5791}.Release|Any CPU.Build.0 = Release|Any CPU
		{EFECF51D-9563-3AC8-FA40-54281883CFA7}.Debug|Any CPU.ActiveCfg = Debug|Any CPU
		{EFECF51D-9563-3AC8-FA40-54281883CFA7}.Debug|Any CPU.Build.0 = Debug|Any CPU
		{EFECF51D-9563-3AC8-FA40-54281883CFA7}.Release|Any CPU.ActiveCfg = Release|Any CPU
		{EFECF51D-9563-3AC8-FA40-54281883CFA7}.Release|Any CPU.Build.0 = Release|Any CPU
		{132B8368-5BC9-0344-EE97-A87D2606B26B}.Debug|Any CPU.ActiveCfg = Debug|Any CPU
		{132B8368-5BC9-0344-EE97-A87D2606B26B}.Debug|Any CPU.Build.0 = Debug|Any CPU
		{132B8368-5BC9-0344-EE97-A87D2606B26B}.Release|Any CPU.ActiveCfg = Release|Any CPU
		{132B8368-5BC9-0344-EE97-A87D2606B26B}.Release|Any CPU.Build.0 = Release|Any CPU
	EndGlobalSection
	GlobalSection(SolutionProperties) = preSolution
		HideSolutionNode = FALSE
	EndGlobalSection
EndGlobal
